
Microsoft Visual Studio Solution File, Format Version 12.00
# Visual Studio Version 17
VisualStudioVersion = 17.7.34031.279
MinimumVisualStudioVersion = 10.0.40219.1
Project("{FAE04EC0-301F-11D3-BF4B-00C04F79EFBC}") = "BaiTap6_63131016", "BaiTap6_63131016\BaiTap6_63131016.csproj", "{AB7F734C-A35D-40C0-8389-9086919F667C}"
EndProject
Global
	GlobalSection(SolutionConfigurationPlatforms) = preSolution
		Debug|Any CPU = Debug|Any CPU
		Release|Any CPU = Release|Any CPU
	EndGlobalSection
	GlobalSection(ProjectConfigurationPlatforms) = postSolution
		{AB7F734C-A35D-40C0-8389-9086919F667C}.Debug|Any CPU.ActiveCfg = Debug|Any CPU
		{AB7F734C-A35D-40C0-8389-9086919F667C}.Debug|Any CPU.Build.0 = Debug|Any CPU
		{AB7F734C-A35D-40C0-8389-9086919F667C}.Release|Any CPU.ActiveCfg = Release|Any CPU
		{AB7F734C-A35D-40C0-8389-9086919F667C}.Release|Any CPU.Build.0 = Release|Any CPU
	EndGlobalSection
	GlobalSection(SolutionProperties) = preSolution
		HideSolutionNode = FALSE
	EndGlobalSection
	GlobalSection(ExtensibilityGlobals) = postSolution
		SolutionGuid = {34D66EBF-5845-4E0A-A31D-2DFECBC7A6D7}
	EndGlobalSection
EndGlobal
